{
  "name": "compile",
  "lockfileVersion": 3,
  "requires": true,
  "packages": {
    "": {
      "dependencies": {
        "concat": "^1.0.3",
        "luamin": "^1.0.4"
      }
    },
    "node_modules/commander": {
      "version": "2.20.1",
      "resolved": "https://registry.npmjs.org/commander/-/commander-2.20.1.tgz",
      "integrity": "sha512-cCuLsMhJeWQ/ZpsFTbE765kvVfoeSddc4nU3up4fV+fDBcfUXnbITJ+JzhkdjzOqhURjZgujxaioam4RM9yGUg=="
    },
    "node_modules/concat": {
      "version": "1.0.3",
      "resolved": "https://registry.npmjs.org/concat/-/concat-1.0.3.tgz",
      "integrity": "sha1-QPM1MInWVGdpXLGIa0Xt1jfYzKg=",
      "dependencies": {
        "commander": "^2.9.0"
      },
      "bin": {
        "concat": "bin/concat"
      },
      "engines": {
        "node": ">=6"
      }
    },
    "node_modules/luamin": {
      "version": "1.0.4",
      "resolved": "https://registry.npmjs.org/luamin/-/luamin-1.0.4.tgz",
      "integrity": "sha1-lEUptY/G+k0x6s4uA1PUEhDw49M=",
      "dependencies": {
        "luaparse": "^0.2.1"
      },
      "bin": {
        "luamin": "bin/luamin"
      }
    },
    "node_modules/luaparse": {
      "version": "0.2.1",
      "resolved": "https://registry.npmjs.org/luaparse/-/luaparse-0.2.1.tgz",
      "integrity": "sha1-qo9WEysN6X0388mRqd9C4OF/ZWw=",
      "bin": {
        "luaparse": "bin/luaparse"
      }
    }
  }
}
